
Microsoft Visual Studio Solution File, Format Version 12.00
# Visual Studio Version 16
VisualStudioVersion = 16.0.31025.194
MinimumVisualStudioVersion = 10.0.40219.1
Project("{FAE04EC0-301F-11D3-BF4B-00C04F79EFBC}") = "ShowRichResouces", "ShowRichResouces.csproj", "{4D605636-8FD8-44C0-B7C0-3ECB92068C7C}"
EndProject
Global
	GlobalSection(SolutionConfigurationPlatforms) = preSolution
		Debug|Any CPU = Debug|Any CPU
		Release|Any CPU = Release|Any CPU
	EndGlobalSection
	GlobalSection(ProjectConfigurationPlatforms) = postSolution
		{4D605636-8FD8-44C0-B7C0-3ECB92068C7C}.Debug|Any CPU.ActiveCfg = Debug|Any CPU
		{4D605636-8FD8-44C0-B7C0-3ECB92068C7C}.Debug|Any CPU.Build.0 = Debug|Any CPU
		{4D605636-8FD8-44C0-B7C0-3ECB92068C7C}.Release|Any CPU.ActiveCfg = Release|Any CPU
		{4D605636-8FD8-44C0-B7C0-3ECB92068C7C}.Release|Any CPU.Build.0 = Release|Any CPU
	EndGlobalSection
	GlobalSection(SolutionProperties) = preSolution
		HideSolutionNode = FALSE
	EndGlobalSection
	GlobalSection(ExtensibilityGlobals) = postSolution
		SolutionGuid = {88819974-A58A-4ABE-AC1E-4E02763C552F}
	EndGlobalSection
EndGlobal
